
Microsoft Visual Studio Solution File, Format Version 12.00
# Visual Studio Version 17
VisualStudioVersion = 17.5.002.0
MinimumVisualStudioVersion = 10.0.40219.1
Project("{9A19103F-16F7-4668-BE54-9A1E7A4F7556}") = "better-list-app-backend-dotnet", "better-list-app-backend-dotnet.csproj", "{45CC93B8-5C5D-42A3-8CDB-4C02B89D5C4C}"
EndProject
Global
	GlobalSection(SolutionConfigurationPlatforms) = preSolution
		Debug|Any CPU = Debug|Any CPU
		Release|Any CPU = Release|Any CPU
	EndGlobalSection
	GlobalSection(ProjectConfigurationPlatforms) = postSolution
		{45CC93B8-5C5D-42A3-8CDB-4C02B89D5C4C}.Debug|Any CPU.ActiveCfg = Debug|Any CPU
		{45CC93B8-5C5D-42A3-8CDB-4C02B89D5C4C}.Debug|Any CPU.Build.0 = Debug|Any CPU
		{45CC93B8-5C5D-42A3-8CDB-4C02B89D5C4C}.Release|Any CPU.ActiveCfg = Release|Any CPU
		{45CC93B8-5C5D-42A3-8CDB-4C02B89D5C4C}.Release|Any CPU.Build.0 = Release|Any CPU
	EndGlobalSection
	GlobalSection(SolutionProperties) = preSolution
		HideSolutionNode = FALSE
	EndGlobalSection
	GlobalSection(ExtensibilityGlobals) = postSolution
		SolutionGuid = {819E1415-85A8-4CCD-AE8C-E9D89309B533}
	EndGlobalSection
EndGlobal
